Microsoft Visual Studio Solution File, Format Version 12.00
# Visual Studio Version 17
VisualStudioVersion = 17.5.2.0
MinimumVisualStudioVersion = 10.0.40219.1
Project("{FAE04EC0-301F-11D3-BF4B-00C04F79EFBC}") = "ClaudeMon", "ClaudeMon.csproj", "{2646783E-E38F-B213-AF40-7EA13F947CB3}"
EndProject
Global
	GlobalSection(SolutionConfigurationPlatforms) = preSolution
		Debug|Any CPU = Debug|Any CPU
		Release|Any CPU = Release|Any CPU
	EndGlobalSection
	GlobalSection(ProjectConfigurationPlatforms) = postSolution
		{2646783E-E38F-B213-AF40-7EA13F947CB3}.Debug|Any CPU.ActiveCfg = Debug|Any CPU
		{2646783E-E38F-B213-AF40-7EA13F947CB3}.Debug|Any CPU.Build.0 = Debug|Any CPU
		{2646783E-E38F-B213-AF40-7EA13F947CB3}.Release|Any CPU.ActiveCfg = Release|Any CPU
		{2646783E-E38F-B213-AF40-7EA13F947CB3}.Release|Any CPU.Build.0 = Release|Any CPU
	EndGlobalSection
	GlobalSection(SolutionProperties) = preSolution
		HideSolutionNode = FALSE
	EndGlobalSection
	GlobalSection(ExtensibilityGlobals) = postSolution
		SolutionGuid = {1FF0CD37-1521-4679-A177-98D15D62D2A8}
	EndGlobalSection
EndGlobal
